PODS:
  - Flutter (1.0.0)
  - FlutterPluginRegistrant (0.0.1):
    - Flutter
    - google_mobile_ads
    - webview_flutter_wkwebview
  - Google-Mobile-Ads-SDK (11.13.0):
    - GoogleUserMessagingPlatform (>= 1.1)
  - google_mobile_ads (5.3.1):
    - Flutter
    - Google-Mobile-Ads-SDK (~> 11.13.0)
    - webview_flutter_wkwebview
  - GoogleUserMessagingPlatform (2.7.0)
  - webview_flutter_wkwebview (0.0.1):
    - Flutter
    - FlutterMacOS

DEPENDENCIES:
  - Flutter (from `../flutter_ads_isssue_700/.ios/Flutter`)
  - FlutterPluginRegistrant (from `../flutter_ads_isssue_700/.ios/Flutter/FlutterPluginRegistrant`)
  - google_mobile_ads (from `../flutter_ads_isssue_700/.ios/.symlinks/plugins/google_mobile_ads/ios`)
  - webview_flutter_wkwebview (from `../flutter_ads_isssue_700/.ios/.symlinks/plugins/webview_flutter_wkwebview/darwin`)

SPEC REPOS:
  trunk:
    - Google-Mobile-Ads-SDK
    - GoogleUserMessagingPlatform

EXTERNAL SOURCES:
  Flutter:
    :path: "../flutter_ads_isssue_700/.ios/Flutter"
  FlutterPluginRegistrant:
    :path: "../flutter_ads_isssue_700/.ios/Flutter/FlutterPluginRegistrant"
  google_mobile_ads:
    :path: "../flutter_ads_isssue_700/.ios/.symlinks/plugins/google_mobile_ads/ios"
  webview_flutter_wkwebview:
    :path: "../flutter_ads_isssue_700/.ios/.symlinks/plugins/webview_flutter_wkwebview/darwin"

SPEC CHECKSUMS:
  Flutter: e0871f40cf51350855a761d2e70bf5af5b9b5de7
  FlutterPluginRegistrant: f73f088c1f70edbebdac57f6225727beb5170177
  Google-Mobile-Ads-SDK: 14f57f2dc33532a24db288897e26494640810407
  google_mobile_ads: fe0e2c1764ad95323dd0e3081d0bb2d58411f957
  GoogleUserMessagingPlatform: a8b56893477f67212fbc8411c139e61d463349f5
  webview_flutter_wkwebview: a4af96a051138e28e29f60101d094683b9f82188

PODFILE CHECKSUM: c6f7190ec72b9689c2a16a1f457d47639cbc57e5

COCOAPODS: 1.15.2
